
Microsoft Visual Studio Solution File, Format Version 12.00
# Visual Studio Version 16
VisualStudioVersion = 16.0.30717.126
MinimumVisualStudioVersion = 10.0.40219.1
Project("{2150E333-8FDC-42A3-9474-1A3956D46DE8}") = "Common", "Common", "{0098C271-474E-4A68-8294-C93313FB14A3}"
EndProject
Project("{2150E333-8FDC-42A3-9474-1A3956D46DE8}") = "UI", "UI", "{264624D6-BA1E-4EDA-8F3D-308466A658C3}"
EndProject
Project("{2150E333-8FDC-42A3-9474-1A3956D46DE8}") = "Services", "Services", "{F7C84216-FA39-44C0-ACE0-CDD1B84D705D}"
EndProject
Project("{9A19103F-16F7-4668-BE54-9A1E7A4F7556}") = "WebStore.Interfaces", "Services\WebStore.Interfaces\WebStore.Interfaces.csproj", "{82707B18-D4DE-4321-9C80-0ADCE6665C86}"
EndProject
Project("{9A19103F-16F7-4668-BE54-9A1E7A4F7556}") = "WebStore.Domain", "Common\WebStore.Domain\WebStore.Domain.csproj", "{099FFB48-FF74-4264-AD4D-39FA195B112B}"
EndProject
Project("{9A19103F-16F7-4668-BE54-9A1E7A4F7556}") = "WebStore.DAL", "Services\WebStore.DAL\WebStore.DAL.csproj", "{34DEE691-2ADA-4BAB-8E67-F604051337FD}"
EndProject
Project("{9A19103F-16F7-4668-BE54-9A1E7A4F7556}") = "WebStore", "UI\WebStore\WebStore.csproj", "{2FE4827C-8484-4D34-B2F4-CCC2BFA5DD1A}"
EndProject
Global
	GlobalSection(SolutionConfigurationPlatforms) = preSolution
		Debug|Any CPU = Debug|Any CPU
		Release|Any CPU = Release|Any CPU
	EndGlobalSection
	GlobalSection(ProjectConfigurationPlatforms) = postSolution
		{82707B18-D4DE-4321-9C80-0ADCE6665C86}.Debug|Any CPU.ActiveCfg = Debug|Any CPU
		{82707B18-D4DE-4321-9C80-0ADCE6665C86}.Debug|Any CPU.Build.0 = Debug|Any CPU
		{82707B18-D4DE-4321-9C80-0ADCE6665C86}.Release|Any CPU.ActiveCfg = Release|Any CPU
		{82707B18-D4DE-4321-9C80-0ADCE6665C86}.Release|Any CPU.Build.0 = Release|Any CPU
		{099FFB48-FF74-4264-AD4D-39FA195B112B}.Debug|Any CPU.ActiveCfg = Debug|Any CPU
		{099FFB48-FF74-4264-AD4D-39FA195B112B}.Debug|Any CPU.Build.0 = Debug|Any CPU
		{099FFB48-FF74-4264-AD4D-39FA195B112B}.Release|Any CPU.ActiveCfg = Release|Any CPU
		{099FFB48-FF74-4264-AD4D-39FA195B112B}.Release|Any CPU.Build.0 = Release|Any CPU
		{34DEE691-2ADA-4BAB-8E67-F604051337FD}.Debug|Any CPU.ActiveCfg = Debug|Any CPU
		{34DEE691-2ADA-4BAB-8E67-F604051337FD}.Debug|Any CPU.Build.0 = Debug|Any CPU
		{34DEE691-2ADA-4BAB-8E67-F604051337FD}.Release|Any CPU.ActiveCfg = Release|Any CPU
		{34DEE691-2ADA-4BAB-8E67-F604051337FD}.Release|Any CPU.Build.0 = Release|Any CPU
		{2FE4827C-8484-4D34-B2F4-CCC2BFA5DD1A}.Debug|Any CPU.ActiveCfg = Debug|Any CPU
		{2FE4827C-8484-4D34-B2F4-CCC2BFA5DD1A}.Debug|Any CPU.Build.0 = Debug|Any CPU
		{2FE4827C-8484-4D34-B2F4-CCC2BFA5DD1A}.Release|Any CPU.ActiveCfg = Release|Any CPU
		{2FE4827C-8484-4D34-B2F4-CCC2BFA5DD1A}.Release|Any CPU.Build.0 = Release|Any CPU
	EndGlobalSection
	GlobalSection(SolutionProperties) = preSolution
		HideSolutionNode = FALSE
	EndGlobalSection
	GlobalSection(NestedProjects) = preSolution
		{82707B18-D4DE-4321-9C80-0ADCE6665C86} = {F7C84216-FA39-44C0-ACE0-CDD1B84D705D}
		{099FFB48-FF74-4264-AD4D-39FA195B112B} = {0098C271-474E-4A68-8294-C93313FB14A3}
		{34DEE691-2ADA-4BAB-8E67-F604051337FD} = {F7C84216-FA39-44C0-ACE0-CDD1B84D705D}
		{2FE4827C-8484-4D34-B2F4-CCC2BFA5DD1A} = {264624D6-BA1E-4EDA-8F3D-308466A658C3}
	EndGlobalSection
	GlobalSection(ExtensibilityGlobals) = postSolution
		SolutionGuid = {7DC644CA-D1F7-4F10-88A4-127E0ED730E3}
	EndGlobalSection
EndGlobal
